PODS:
  - ActionProtocol (0.1.0)
  - MJControllerManager (0.1.5):
    - ActionProtocol
    - ModuleCapability (~> 0.1)
  - ModuleCapability (0.1.7)

DEPENDENCIES:
  - MJControllerManager (from `../`)

EXTERNAL SOURCES:
  MJControllerManager:
    :path: ../

SPEC CHECKSUMS:
  ActionProtocol: f5279c482de3abb31ea34b54a0ecfaf8d5cca561
  MJControllerManager: 704dc2fc8318533c3c164248912bc3e9412f2f3a
  ModuleCapability: c9d20a2f6070d9315531a94d51b1551a070662b6

PODFILE CHECKSUM: 2ed3669acb299708e71e5db49f6ade443afac20b

COCOAPODS: 1.3.1
