PODS:
  - ActionProtocol (0.1.0)
  - MJControllerManager (0.1.1):
    - ActionProtocol
    - ModuleCapability (~> 0.1.2)
  - ModuleCapability (0.1.2)

DEPENDENCIES:
  - MJControllerManager (from `../`)

EXTERNAL SOURCES:
  MJControllerManager:
    :path: ../

SPEC CHECKSUMS:
  ActionProtocol: f5279c482de3abb31ea34b54a0ecfaf8d5cca561
  MJControllerManager: 28a7d2792439d13ae617e375725ae454aa7add2d
  ModuleCapability: 35cea7154ff855362682e90ecf1be529a533c931

COCOAPODS: 0.39.0
